// !$*UTF8*$!
{
	archiveVersion = 1;
	classes = {
	};
	objectVersion = 77;
	objects = {

/* Begin PBXBuildFile section */
		C0365D582F6E520900700B14 /* Share​Extension.appex in Embed Foundation Extensions */ = {isa = PBXBuildFile; fileRef = C0365D4E2F6E520900700B14 /* Share​Extension.appex */; settings = {ATTRIBUTES = (RemoveHeadersOnCopy, ); }; };
/* End PBXBuildFile section */

/* Begin PBXContainerItemProxy section */
		C0365D562F6E520900700B14 /* PBXContainerItemProxy */ = {
			isa = PBXContainerItemProxy;
			containerPortal = C0D3620C2F6A388000E5A980 /* Project object */;
			proxyType = 1;
			remoteGlobalIDString = C0365D4D2F6E520900700B14;
			remoteInfo = "Share​Extension";
		};
		C0D362242F6A388100E5A980 /* PBXContainerItemProxy */ = {
			isa = PBXContainerItemProxy;
			containerPortal = C0D3620C2F6A388000E5A980 /* Project object */;
			proxyType = 1;
			remoteGlobalIDString = C0D362132F6A388000E5A980;
			remoteInfo = "kazahana-ios";
		};
		C0D3622E2F6A388100E5A980 /* PBXContainerItemProxy */ = {
			isa = PBXContainerItemProxy;
			containerPortal = C0D3620C2F6A388000E5A980 /* Project object */;
			proxyType = 1;
			remoteGlobalIDString = C0D362132F6A388000E5A980;
			remoteInfo = "kazahana-ios";
		};
/* End PBXContainerItemProxy section */

/* Begin PBXCopyFilesBuildPhase section */
		C0365D5D2F6E520900700B14 /* Embed Foundation Extensions */ = {
			isa = PBXCopyFilesBuildPhase;
			buildActionMask = 2147483647;
			dstPath = "";
			dstSubfolderSpec = 13;
			files = (
				C0365D582F6E520900700B14 /* Share​Extension.appex in Embed Foundation Extensions */,
			);
			name = "Embed Foundation Extensions";
			runOnlyForDeploymentPostprocessing = 0;
		};
/* End PBXCopyFilesBuildPhase section */

/* Begin PBXFileReference section */
		C02EE7562F7F4E7700B135D2 /* HANDOFF-multi-account.md */ = {isa = PBXFileReference; lastKnownFileType = net.daringfireball.markdown; path = "HANDOFF-multi-account.md"; sourceTree = "<group>"; };
		C02EE7592F7F6FA100B135D2 /* HANDOFF-v1.1.0.md */ = {isa = PBXFileReference; lastKnownFileType = net.daringfireball.markdown; path = "HANDOFF-v1.1.0.md"; sourceTree = "<group>"; };
		C0365D4E2F6E520900700B14 /* Share​Extension.appex */ = {isa = PBXFileReference; explicitFileType = "wrapper.app-extension"; includeInIndex = 0; path = "Share​Extension.appex"; sourceTree = BUILT_PRODUCTS_DIR; };
		C060067A2F6A412F00EC6BCF /* tasks.md */ = {isa = PBXFileReference; lastKnownFileType = net.daringfireball.markdown; path = tasks.md; sourceTree = "<group>"; };
		C0D362142F6A388000E5A980 /* kazahana-ios.app */ = {isa = PBXFileReference; explicitFileType = wrapper.application; includeInIndex = 0; path = "kazahana-ios.app"; sourceTree = BUILT_PRODUCTS_DIR; };
		C0D362232F6A388100E5A980 /* kazahana-iosTests.xctest */ = {isa = PBXFileReference; explicitFileType = wrapper.cfbundle; includeInIndex = 0; path = "kazahana-iosTests.xctest"; sourceTree = BUILT_PRODUCTS_DIR; };
		C0D3622D2F6A388100E5A980 /* kazahana-iosUITests.xctest */ = {isa = PBXFileReference; explicitFileType = wrapper.cfbundle; includeInIndex = 0; path = "kazahana-iosUITests.xctest"; sourceTree = BUILT_PRODUCTS_DIR; };
/* End PBXFileReference section */

/* Begin PBXFileSystemSynchronizedBuildFileExceptionSet section */
		C0365D5C2F6E520900700B14 /* Exceptions for "Share​Extension" folder in "Share​Extension" target */ = {
			isa = PBXFileSystemSynchronizedBuildFileExceptionSet;
			membershipExceptions = (
				Info.plist,
			);
			target = C0365D4D2F6E520900700B14 /* Share​Extension */;
		};
		C06BA02C2F6CCDEA0095E883 /* Exceptions for "kazahana-ios" folder in "kazahana-ios" target */ = {
			isa = PBXFileSystemSynchronizedBuildFileExceptionSet;
			membershipExceptions = (
				Info.plist,
			);
			target = C0D362132F6A388000E5A980 /* kazahana-ios */;
		};
/* End PBXFileSystemSynchronizedBuildFileExceptionSet section */

/* Begin PBXFileSystemSynchronizedRootGroup section */
		C0365D4F2F6E520900700B14 /* Share​Extension */ = {
			isa = PBXFileSystemSynchronizedRootGroup;
			exceptions = (
				C0365D5C2F6E520900700B14 /* Exceptions for "Share​Extension" folder in "Share​Extension" target */,
			);
			path = "Share​Extension";
			sourceTree = "<group>";
		};
		C0D362162F6A388000E5A980 /* kazahana-ios */ = {
			isa = PBXFileSystemSynchronizedRootGroup;
			exceptions = (
				C06BA02C2F6CCDEA0095E883 /* Exceptions for "kazahana-ios" folder in "kazahana-ios" target */,
			);
			path = "kazahana-ios";
			sourceTree = "<group>";
		};
		C0D362262F6A388100E5A980 /* kazahana-iosTests */ = {
			isa = PBXFileSystemSynchronizedRootGroup;
			path = "kazahana-iosTests";
			sourceTree = "<group>";
		};
		C0D362302F6A388100E5A980 /* kazahana-iosUITests */ = {
			isa = PBXFileSystemSynchronizedRootGroup;
			path = "kazahana-iosUITests";
			sourceTree = "<group>";
		};
/* End PBXFileSystemSynchronizedRootGroup section */

/* Begin PBXFrameworksBuildPhase section */
		C0365D4B2F6E520900700B14 /* Frameworks */ = {
			isa = PBXFrameworksBuildPhase;
			buildActionMask = 2147483647;
			files = (
			);
			runOnlyForDeploymentPostprocessing = 0;
		};
		C0D362112F6A388000E5A980 /* Frameworks */ = {
			isa = PBXFrameworksBuildPhase;
			buildActionMask = 2147483647;
			files = (
			);
			runOnlyForDeploymentPostprocessing = 0;
		};
		C0D362202F6A388100E5A980 /* Frameworks */ = {
			isa = PBXFrameworksBuildPhase;
			buildActionMask = 2147483647;
			files = (
			);
			runOnlyForDeploymentPostprocessing = 0;
		};
		C0D3622A2F6A388100E5A980 /* Frameworks */ = {
			isa = PBXFrameworksBuildPhase;
			buildActionMask = 2147483647;
			files = (
			);
			runOnlyForDeploymentPostprocessing = 0;
		};
/* End PBXFrameworksBuildPhase section */

/* Begin PBXGroup section */
		C06006792F6A410A00EC6BCF /* Documentation */ = {
			isa = PBXGroup;
			children = (
				C060067A2F6A412F00EC6BCF /* tasks.md */,
				C02EE7562F7F4E7700B135D2 /* HANDOFF-multi-account.md */,
				C02EE7592F7F6FA100B135D2 /* HANDOFF-v1.1.0.md */,
			);
			path = Documentation;
			sourceTree = "<group>";
		};
		C0D3620B2F6A388000E5A980 = {
			isa = PBXGroup;
			children = (
				C0D362162F6A388000E5A980 /* kazahana-ios */,
				C0D362262F6A388100E5A980 /* kazahana-iosTests */,
				C0D362302F6A388100E5A980 /* kazahana-iosUITests */,
				C0365D4F2F6E520900700B14 /* Share​Extension */,
				C0D362152F6A388000E5A980 /* Products */,
				C06006792F6A410A00EC6BCF /* Documentation */,
			);
			sourceTree = "<group>";
		};
		C0D362152F6A388000E5A980 /* Products */ = {
			isa = PBXGroup;
			children = (
				C0D362142F6A388000E5A980 /* kazahana-ios.app */,
				C0D362232F6A388100E5A980 /* kazahana-iosTests.xctest */,
				C0D3622D2F6A388100E5A980 /* kazahana-iosUITests.xctest */,
				C0365D4E2F6E520900700B14 /* Share​Extension.appex */,
			);
			name = Products;
			sourceTree = "<group>";
		};
/* End PBXGroup section */

/* Begin PBXNativeTarget section */
		C0365D4D2F6E520900700B14 /* Share​Extension */ = {
			isa = PBXNativeTarget;
			buildConfigurationList = C0365D592F6E520900700B14 /* Build configuration list for PBXNativeTarget "Share​Extension" */;
			buildPhases = (
				C0365D4A2F6E520900700B14 /* Sources */,
				C0365D4B2F6E520900700B14 /* Frameworks */,
				C0365D4C2F6E520900700B14 /* Resources */,
			);
			buildRules = (
			);
			dependencies = (
			);
			fileSystemSynchronizedGroups = (
				C0365D4F2F6E520900700B14 /* Share​Extension */,
			);
			name = "Share​Extension";
			packageProductDependencies = (
			);
			productName = "Share​Extension";
			productReference = C0365D4E2F6E520900700B14 /* Share​Extension.appex */;
			productType = "com.apple.product-type.app-extension";
		};
		C0D362132F6A388000E5A980 /* kazahana-ios */ = {
			isa = PBXNativeTarget;
			buildConfigurationList = C0D362372F6A388100E5A980 /* Build configuration list for PBXNativeTarget "kazahana-ios" */;
			buildPhases = (
				C0D362102F6A388000E5A980 /* Sources */,
				C0D362112F6A388000E5A980 /* Frameworks */,
				C0D362122F6A388000E5A980 /* Resources */,
				C0365D5D2F6E520900700B14 /* Embed Foundation Extensions */,
			);
			buildRules = (
			);
			dependencies = (
				C0365D572F6E520900700B14 /* PBXTargetDependency */,
			);
			fileSystemSynchronizedGroups = (
				C0D362162F6A388000E5A980 /* kazahana-ios */,
			);
			name = "kazahana-ios";
			packageProductDependencies = (
			);
			productName = "kazahana-ios";
			productReference = C0D362142F6A388000E5A980 /* kazahana-ios.app */;
			productType = "com.apple.product-type.application";
		};
		C0D362222F6A388100E5A980 /* kazahana-iosTests */ = {
			isa = PBXNativeTarget;
			buildConfigurationList = C0D3623A2F6A388100E5A980 /* Build configuration list for PBXNativeTarget "kazahana-iosTests" */;
			buildPhases = (
				C0D3621F2F6A388100E5A980 /* Sources */,
				C0D362202F6A388100E5A980 /* Frameworks */,
				C0D362212F6A388100E5A980 /* Resources */,
			);
			buildRules = (
			);
			dependencies = (
				C0D362252F6A388100E5A980 /* PBXTargetDependency */,
			);
			fileSystemSynchronizedGroups = (
				C0D362262F6A388100E5A980 /* kazahana-iosTests */,
			);
			name = "kazahana-iosTests";
			packageProductDependencies = (
			);
			productName = "kazahana-iosTests";
			productReference = C0D362232F6A388100E5A980 /* kazahana-iosTests.xctest */;
			productType = "com.apple.product-type.bundle.unit-test";
		};
		C0D3622C2F6A388100E5A980 /* kazahana-iosUITests */ = {
			isa = PBXNativeTarget;
			buildConfigurationList = C0D3623D2F6A388100E5A980 /* Build configuration list for PBXNativeTarget "kazahana-iosUITests" */;
			buildPhases = (
				C0D362292F6A388100E5A980 /* Sources */,
				C0D3622A2F6A388100E5A980 /* Frameworks */,
				C0D3622B2F6A388100E5A980 /* Resources */,
			);
			buildRules = (
			);
			dependencies = (
				C0D3622F2F6A388100E5A980 /* PBXTargetDependency */,
			);
			fileSystemSynchronizedGroups = (
				C0D362302F6A388100E5A980 /* kazahana-iosUITests */,
			);
			name = "kazahana-iosUITests";
			packageProductDependencies = (
			);
			productName = "kazahana-iosUITests";
			productReference = C0D3622D2F6A388100E5A980 /* kazahana-iosUITests.xctest */;
			productType = "com.apple.product-type.bundle.ui-testing";
		};
/* End PBXNativeTarget section */

/* Begin PBXProject section */
		C0D3620C2F6A388000E5A980 /* Project object */ = {
			isa = PBXProject;
			attributes = {
				BuildIndependentTargetsInParallel = 1;
				LastSwiftUpdateCheck = 2630;
				LastUpgradeCheck = 2630;
				TargetAttributes = {
					C0365D4D2F6E520900700B14 = {
						CreatedOnToolsVersion = 26.3;
					};
					C0D362132F6A388000E5A980 = {
						CreatedOnToolsVersion = 26.3;
					};
					C0D362222F6A388100E5A980 = {
						CreatedOnToolsVersion = 26.3;
						TestTargetID = C0D362132F6A388000E5A980;
					};
					C0D3622C2F6A388100E5A980 = {
						CreatedOnToolsVersion = 26.3;
						TestTargetID = C0D362132F6A388000E5A980;
					};
				};
			};
			buildConfigurationList = C0D3620F2F6A388000E5A980 /* Build configuration list for PBXProject "kazahana-ios" */;
			developmentRegion = en;
			hasScannedForEncodings = 0;
			knownRegions = (
				en,
				Base,
				ja,
			);
			mainGroup = C0D3620B2F6A388000E5A980;
			minimizedProjectReferenceProxies = 1;
			preferredProjectObjectVersion = 77;
			productRefGroup = C0D362152F6A388000E5A980 /* Products */;
			projectDirPath = "";
			projectRoot = "";
			targets = (
				C0D362132F6A388000E5A980 /* kazahana-ios */,
				C0D362222F6A388100E5A980 /* kazahana-iosTests */,
				C0D3622C2F6A388100E5A980 /* kazahana-iosUITests */,
				C0365D4D2F6E520900700B14 /* Share​Extension */,
			);
		};
/* End PBXProject section */

/* Begin PBXResourcesBuildPhase section */
		C0365D4C2F6E520900700B14 /* Resources */ = {
			isa = PBXResourcesBuildPhase;
			buildActionMask = 2147483647;
			files = (
			);
			runOnlyForDeploymentPostprocessing = 0;
		};
		C0D362122F6A388000E5A980 /* Resources */ = {
			isa = PBXResourcesBuildPhase;
			buildActionMask = 2147483647;
			files = (
			);
			runOnlyForDeploymentPostprocessing = 0;
		};
		C0D362212F6A388100E5A980 /* Resources */ = {
			isa = PBXResourcesBuildPhase;
			buildActionMask = 2147483647;
			files = (
			);
			runOnlyForDeploymentPostprocessing = 0;
		};
		C0D3622B2F6A388100E5A980 /* Resources */ = {
			isa = PBXResourcesBuildPhase;
			buildActionMask = 2147483647;
			files = (
			);
			runOnlyForDeploymentPostprocessing = 0;
		};
/* End PBXResourcesBuildPhase section */

/* Begin PBXSourcesBuildPhase section */
		C0365D4A2F6E520900700B14 /* Sources */ = {
			isa = PBXSourcesBuildPhase;
			buildActionMask = 2147483647;
			files = (
			);
			runOnlyForDeploymentPostprocessing = 0;
		};
		C0D362102F6A388000E5A980 /* Sources */ = {
			isa = PBXSourcesBuildPhase;
			buildActionMask = 2147483647;
			files = (
			);
			runOnlyForDeploymentPostprocessing = 0;
		};
		C0D3621F2F6A388100E5A980 /* Sources */ = {
			isa = PBXSourcesBuildPhase;
			buildActionMask = 2147483647;
			files = (
			);
			runOnlyForDeploymentPostprocessing = 0;
		};
		C0D362292F6A388100E5A980 /* Sources */ = {
			isa = PBXSourcesBuildPhase;
			buildActionMask = 2147483647;
			files = (
			);
			runOnlyForDeploymentPostprocessing = 0;
		};
/* End PBXSourcesBuildPhase section */

/* Begin PBXTargetDependency section */
		C0365D572F6E520900700B14 /* PBXTargetDependency */ = {
			isa = PBXTargetDependency;
			target = C0365D4D2F6E520900700B14 /* Share​Extension */;
			targetProxy = C0365D562F6E520900700B14 /* PBXContainerItemProxy */;
		};
		C0D362252F6A388100E5A980 /* PBXTargetDependency */ = {
			isa = PBXTargetDependency;
			target = C0D362132F6A388000E5A980 /* kazahana-ios */;
			targetProxy = C0D362242F6A388100E5A980 /* PBXContainerItemProxy */;
		};
		C0D3622F2F6A388100E5A980 /* PBXTargetDependency */ = {
			isa = PBXTargetDependency;
			target = C0D362132F6A388000E5A980 /* kazahana-ios */;
			targetProxy = C0D3622E2F6A388100E5A980 /* PBXContainerItemProxy */;
		};
/* End PBXTargetDependency section */

/* Begin XCBuildConfiguration section */
		C0365D5A2F6E520900700B14 /* Debug */ = {
			isa = XCBuildConfiguration;
			buildSettings = {
				CODE_SIGN_ENTITLEMENTS = "Share​Extension​/​Share​Extension​.entitlements";
				CODE_SIGN_STYLE = Automatic;
				CURRENT_PROJECT_VERSION = 10;
				DEVELOPMENT_TEAM = 9L6A9KDH5P;
				GENERATE_INFOPLIST_FILE = YES;
				INFOPLIST_FILE = "Share​Extension/Info.plist";
				INFOPLIST_KEY_CFBundleDisplayName = "Share​Extension";
				INFOPLIST_KEY_NSHumanReadableCopyright = "";
				LD_RUNPATH_SEARCH_PATHS = (
					"$(inherited)",
					"@executable_path/Frameworks",
					"@executable_path/../../Frameworks",
				);
				MARKETING_VERSION = 2.0.5;
				PRODUCT_BUNDLE_IDENTIFIER = com.osprey74.kazahana.ShareExtension;
				PRODUCT_NAME = "$(TARGET_NAME)";
				SKIP_INSTALL = YES;
				STRING_CATALOG_GENERATE_SYMBOLS = YES;
				SWIFT_APPROACHABLE_CONCURRENCY = YES;
				SWIFT_EMIT_LOC_STRINGS = YES;
				SWIFT_UPCOMING_FEATURE_MEMBER_IMPORT_VISIBILITY = YES;
				SWIFT_VERSION = 5.0;
				TARGETED_DEVICE_FAMILY = "1,2";
			};
			name = Debug;
		};
		C0365D5B2F6E520900700B14 /* Release */ = {
			isa = XCBuildConfiguration;
			buildSettings = {
				CODE_SIGN_ENTITLEMENTS = "Share​Extension​/​Share​Extension​.entitlements";
				CODE_SIGN_STYLE = Automatic;
				CURRENT_PROJECT_VERSION = 10;
				DEVELOPMENT_TEAM = 9L6A9KDH5P;
				GENERATE_INFOPLIST_FILE = YES;
				INFOPLIST_FILE = "Share​Extension/Info.plist";
				INFOPLIST_KEY_CFBundleDisplayName = "Share​Extension";
				INFOPLIST_KEY_NSHumanReadableCopyright = "";
				LD_RUNPATH_SEARCH_PATHS = (
					"$(inherited)",
					"@executable_path/Frameworks",
					"@executable_path/../../Frameworks",
				);
				MARKETING_VERSION = 2.0.5;
				PRODUCT_BUNDLE_IDENTIFIER = com.osprey74.kazahana.ShareExtension;
				PRODUCT_NAME = "$(TARGET_NAME)";
				SKIP_INSTALL = YES;
				STRING_CATALOG_GENERATE_SYMBOLS = YES;
				SWIFT_APPROACHABLE_CONCURRENCY = YES;
				SWIFT_EMIT_LOC_STRINGS = YES;
				SWIFT_UPCOMING_FEATURE_MEMBER_IMPORT_VISIBILITY = YES;
				SWIFT_VERSION = 5.0;
				TARGETED_DEVICE_FAMILY = "1,2";
			};
			name = Release;
		};
		C0D362352F6A388100E5A980 /* Debug */ = {
			isa = XCBuildConfiguration;
			buildSettings = {
				ALWAYS_SEARCH_USER_PATHS = NO;
				ASSETCATALOG_COMPILER_GENERATE_SWIFT_ASSET_SYMBOL_EXTENSIONS = YES;
				CLANG_ANALYZER_NONNULL = YES;
				CLANG_ANALYZER_NUMBER_OBJECT_CONVERSION = YES_AGGRESSIVE;
				CLANG_CXX_LANGUAGE_STANDARD = "gnu++20";
				CLANG_ENABLE_MODULES = YES;
				CLANG_ENABLE_OBJC_ARC = YES;
				CLANG_ENABLE_OBJC_WEAK = YES;
				CLANG_WARN_BLOCK_CAPTURE_AUTORELEASING = YES;
				CLANG_WARN_BOOL_CONVERSION = YES;
				CLANG_WARN_COMMA = YES;
				CLANG_WARN_CONSTANT_CONVERSION = YES;
				CLANG_WARN_DEPRECATED_OBJC_IMPLEMENTATIONS = YES;
				CLANG_WARN_DIRECT_OBJC_ISA_USAGE = YES_ERROR;
				CLANG_WARN_DOCUMENTATION_COMMENTS = YES;
				CLANG_WARN_EMPTY_BODY = YES;
				CLANG_WARN_ENUM_CONVERSION = YES;
				CLANG_WARN_INFINITE_RECURSION = YES;
				CLANG_WARN_INT_CONVERSION = YES;
				CLANG_WARN_NON_LITERAL_NULL_CONVERSION = YES;
				CLANG_WARN_OBJC_IMPLICIT_RETAIN_SELF = YES;
				CLANG_WARN_OBJC_LITERAL_CONVERSION = YES;
				CLANG_WARN_OBJC_ROOT_CLASS = YES_ERROR;
				CLANG_WARN_QUOTED_INCLUDE_IN_FRAMEWORK_HEADER = YES;
				CLANG_WARN_RANGE_LOOP_ANALYSIS = YES;
				CLANG_WARN_STRICT_PROTOTYPES = YES;
				CLANG_WARN_SUSPICIOUS_MOVE = YES;
				CLANG_WARN_UNGUARDED_AVAILABILITY = YES_AGGRESSIVE;
				CLANG_WARN_UNREACHABLE_CODE = YES;
				CLANG_WARN__DUPLICATE_METHOD_MATCH = YES;
				COPY_PHASE_STRIP = NO;
				DEBUG_INFORMATION_FORMAT = dwarf;
				DEVELOPMENT_TEAM = 9L6A9KDH5P;
				ENABLE_STRICT_OBJC_MSGSEND = YES;
				ENABLE_TESTABILITY = YES;
				ENABLE_USER_SCRIPT_SANDBOXING = YES;
				GCC_C_LANGUAGE_STANDARD = gnu17;
				GCC_DYNAMIC_NO_PIC = NO;
				GCC_NO_COMMON_BLOCKS = YES;
				GCC_OPTIMIZATION_LEVEL = 0;
				GCC_PREPROCESSOR_DEFINITIONS = (
					"DEBUG=1",
					"$(inherited)",
				);
				GCC_WARN_64_TO_32_BIT_CONVERSION = YES;
				GCC_WARN_ABOUT_RETURN_TYPE = YES_ERROR;
				GCC_WARN_UNDECLARED_SELECTOR = YES;
				GCC_WARN_UNINITIALIZED_AUTOS = YES_AGGRESSIVE;
				GCC_WARN_UNUSED_FUNCTION = YES;
				GCC_WARN_UNUSED_VARIABLE = YES;
				IPHONEOS_DEPLOYMENT_TARGET = 18.0;
				LOCALIZATION_PREFERS_STRING_CATALOGS = YES;
				MTL_ENABLE_DEBUG_INFO = INCLUDE_SOURCE;
				MTL_FAST_MATH = YES;
				ONLY_ACTIVE_ARCH = YES;
				SDKROOT = iphoneos;
				SWIFT_ACTIVE_COMPILATION_CONDITIONS = "DEBUG $(inherited)";
				SWIFT_OPTIMIZATION_LEVEL = "-Onone";
			};
			name = Debug;
		};
		C0D362362F6A388100E5A980 /* Release */ = {
			isa = XCBuildConfiguration;
			buildSettings = {
				ALWAYS_SEARCH_USER_PATHS = NO;
				ASSETCATALOG_COMPILER_GENERATE_SWIFT_ASSET_SYMBOL_EXTENSIONS = YES;
				CLANG_ANALYZER_NONNULL = YES;
				CLANG_ANALYZER_NUMBER_OBJECT_CONVERSION = YES_AGGRESSIVE;
				CLANG_CXX_LANGUAGE_STANDARD = "gnu++20";
				CLANG_ENABLE_MODULES = YES;
				CLANG_ENABLE_OBJC_ARC = YES;
				CLANG_ENABLE_OBJC_WEAK = YES;
				CLANG_WARN_BLOCK_CAPTURE_AUTORELEASING = YES;
				CLANG_WARN_BOOL_CONVERSION = YES;
				CLANG_WARN_COMMA = YES;
				CLANG_WARN_CONSTANT_CONVERSION = YES;
				CLANG_WARN_DEPRECATED_OBJC_IMPLEMENTATIONS = YES;
				CLANG_WARN_DIRECT_OBJC_ISA_USAGE = YES_ERROR;
				CLANG_WARN_DOCUMENTATION_COMMENTS = YES;
				CLANG_WARN_EMPTY_BODY = YES;
				CLANG_WARN_ENUM_CONVERSION = YES;
				CLANG_WARN_INFINITE_RECURSION = YES;
				CLANG_WARN_INT_CONVERSION = YES;
				CLANG_WARN_NON_LITERAL_NULL_CONVERSION = YES;
				CLANG_WARN_OBJC_IMPLICIT_RETAIN_SELF = YES;
				CLANG_WARN_OBJC_LITERAL_CONVERSION = YES;
				CLANG_WARN_OBJC_ROOT_CLASS = YES_ERROR;
				CLANG_WARN_QUOTED_INCLUDE_IN_FRAMEWORK_HEADER = YES;
				CLANG_WARN_RANGE_LOOP_ANALYSIS = YES;
				CLANG_WARN_STRICT_PROTOTYPES = YES;
				CLANG_WARN_SUSPICIOUS_MOVE = YES;
				CLANG_WARN_UNGUARDED_AVAILABILITY = YES_AGGRESSIVE;
				CLANG_WARN_UNREACHABLE_CODE = YES;
				CLANG_WARN__DUPLICATE_METHOD_MATCH = YES;
				COPY_PHASE_STRIP = NO;
				DEBUG_INFORMATION_FORMAT = "dwarf-with-dsym";
				DEVELOPMENT_TEAM = 9L6A9KDH5P;
				ENABLE_NS_ASSERTIONS = NO;
				ENABLE_STRICT_OBJC_MSGSEND = YES;
				ENABLE_USER_SCRIPT_SANDBOXING = YES;
				GCC_C_LANGUAGE_STANDARD = gnu17;
				GCC_NO_COMMON_BLOCKS = YES;
				GCC_WARN_64_TO_32_BIT_CONVERSION = YES;
				GCC_WARN_ABOUT_RETURN_TYPE = YES_ERROR;
				GCC_WARN_UNDECLARED_SELECTOR = YES;
				GCC_WARN_UNINITIALIZED_AUTOS = YES_AGGRESSIVE;
				GCC_WARN_UNUSED_FUNCTION = YES;
				GCC_WARN_UNUSED_VARIABLE = YES;
				IPHONEOS_DEPLOYMENT_TARGET = 18.0;
				LOCALIZATION_PREFERS_STRING_CATALOGS = YES;
				MTL_ENABLE_DEBUG_INFO = NO;
				MTL_FAST_MATH = YES;
				SDKROOT = iphoneos;
				SWIFT_COMPILATION_MODE = wholemodule;
				VALIDATE_PRODUCT = YES;
			};
			name = Release;
		};
		C0D362382F6A388100E5A980 /* Debug */ = {
			isa = XCBuildConfiguration;
			buildSettings = {
				ASSETCATALOG_COMPILER_APPICON_NAME = AppIcon;
				ASSETCATALOG_COMPILER_GLOBAL_ACCENT_COLOR_NAME = AccentColor;
				CODE_SIGN_ENTITLEMENTS = "kazahana​-ios​/kazahana​-ios​.entitlements";
				CODE_SIGN_STYLE = Automatic;
				CURRENT_PROJECT_VERSION = 10;
				DEVELOPMENT_TEAM = 9L6A9KDH5P;
				ENABLE_PREVIEWS = YES;
				GENERATE_INFOPLIST_FILE = YES;
				INFOPLIST_FILE = "kazahana-ios/Info.plist";
				INFOPLIST_KEY_UIApplicationSceneManifest_Generation = YES;
				INFOPLIST_KEY_UIApplicationSupportsIndirectInputEvents = YES;
				INFOPLIST_KEY_UILaunchScreen_Generation = YES;
				INFOPLIST_KEY_UISupportedInterfaceOrientations_iPad = "UIInterfaceOrientationPortrait UIInterfaceOrientationPortraitUpsideDown UIInterfaceOrientationLandscapeLeft UIInterfaceOrientationLandscapeRight";
				INFOPLIST_KEY_UISupportedInterfaceOrientations_iPhone = "UIInterfaceOrientationPortrait UIInterfaceOrientationLandscapeLeft UIInterfaceOrientationLandscapeRight";
				LD_RUNPATH_SEARCH_PATHS = (
					"$(inherited)",
					"@executable_path/Frameworks",
				);
				MARKETING_VERSION = 2.0.5;
				PRODUCT_BUNDLE_IDENTIFIER = com.osprey74.kazahana;
				PRODUCT_NAME = "$(TARGET_NAME)";
				STRING_CATALOG_GENERATE_SYMBOLS = YES;
				SWIFT_APPROACHABLE_CONCURRENCY = YES;
				SWIFT_DEFAULT_ACTOR_ISOLATION = MainActor;
				SWIFT_EMIT_LOC_STRINGS = YES;
				SWIFT_UPCOMING_FEATURE_MEMBER_IMPORT_VISIBILITY = YES;
				SWIFT_VERSION = 5.0;
				TARGETED_DEVICE_FAMILY = "1,2";
			};
			name = Debug;
		};
		C0D362392F6A388100E5A980 /* Release */ = {
			isa = XCBuildConfiguration;
			buildSettings = {
				ASSETCATALOG_COMPILER_APPICON_NAME = AppIcon;
				ASSETCATALOG_COMPILER_GLOBAL_ACCENT_COLOR_NAME = AccentColor;
				CODE_SIGN_ENTITLEMENTS = "kazahana​-ios​/kazahana​-ios​.entitlements";
				CODE_SIGN_STYLE = Automatic;
				CURRENT_PROJECT_VERSION = 10;
				DEVELOPMENT_TEAM = 9L6A9KDH5P;
				ENABLE_PREVIEWS = YES;
				GENERATE_INFOPLIST_FILE = YES;
				INFOPLIST_FILE = "kazahana-ios/Info.plist";
				INFOPLIST_KEY_UIApplicationSceneManifest_Generation = YES;
				INFOPLIST_KEY_UIApplicationSupportsIndirectInputEvents = YES;
				INFOPLIST_KEY_UILaunchScreen_Generation = YES;
				INFOPLIST_KEY_UISupportedInterfaceOrientations_iPad = "UIInterfaceOrientationPortrait UIInterfaceOrientationPortraitUpsideDown UIInterfaceOrientationLandscapeLeft UIInterfaceOrientationLandscapeRight";
				INFOPLIST_KEY_UISupportedInterfaceOrientations_iPhone = "UIInterfaceOrientationPortrait UIInterfaceOrientationLandscapeLeft UIInterfaceOrientationLandscapeRight";
				LD_RUNPATH_SEARCH_PATHS = (
					"$(inherited)",
					"@executable_path/Frameworks",
				);
				MARKETING_VERSION = 2.0.5;
				PRODUCT_BUNDLE_IDENTIFIER = com.osprey74.kazahana;
				PRODUCT_NAME = "$(TARGET_NAME)";
				STRING_CATALOG_GENERATE_SYMBOLS = YES;
				SWIFT_APPROACHABLE_CONCURRENCY = YES;
				SWIFT_DEFAULT_ACTOR_ISOLATION = MainActor;
				SWIFT_EMIT_LOC_STRINGS = YES;
				SWIFT_UPCOMING_FEATURE_MEMBER_IMPORT_VISIBILITY = YES;
				SWIFT_VERSION = 5.0;
				TARGETED_DEVICE_FAMILY = "1,2";
			};
			name = Release;
		};
		C0D3623B2F6A388100E5A980 /* Debug */ = {
			isa = XCBuildConfiguration;
			buildSettings = {
				BUNDLE_LOADER = "$(TEST_HOST)";
				CODE_SIGN_STYLE = Automatic;
				CURRENT_PROJECT_VERSION = 1;
				DEVELOPMENT_TEAM = 9L6A9KDH5P;
				GENERATE_INFOPLIST_FILE = YES;
				IPHONEOS_DEPLOYMENT_TARGET = 18.0;
				MARKETING_VERSION = 1.0.0;
				PRODUCT_BUNDLE_IDENTIFIER = com.osprey74.kazahana.Tests;
				PRODUCT_NAME = "$(TARGET_NAME)";
				STRING_CATALOG_GENERATE_SYMBOLS = NO;
				SWIFT_APPROACHABLE_CONCURRENCY = YES;
				SWIFT_EMIT_LOC_STRINGS = NO;
				SWIFT_UPCOMING_FEATURE_MEMBER_IMPORT_VISIBILITY = YES;
				SWIFT_VERSION = 5.0;
				TARGETED_DEVICE_FAMILY = "1,2";
				TEST_HOST = "$(BUILT_PRODUCTS_DIR)/kazahana-ios.app/$(BUNDLE_EXECUTABLE_FOLDER_PATH)/kazahana-ios";
			};
			name = Debug;
		};
		C0D3623C2F6A388100E5A980 /* Release */ = {
			isa = XCBuildConfiguration;
			buildSettings = {
				BUNDLE_LOADER = "$(TEST_HOST)";
				CODE_SIGN_STYLE = Automatic;
				CURRENT_PROJECT_VERSION = 1;
				DEVELOPMENT_TEAM = 9L6A9KDH5P;
				GENERATE_INFOPLIST_FILE = YES;
				IPHONEOS_DEPLOYMENT_TARGET = 18.0;
				MARKETING_VERSION = 1.0.0;
				PRODUCT_BUNDLE_IDENTIFIER = com.osprey74.kazahana.Tests;
				PRODUCT_NAME = "$(TARGET_NAME)";
				STRING_CATALOG_GENERATE_SYMBOLS = NO;
				SWIFT_APPROACHABLE_CONCURRENCY = YES;
				SWIFT_EMIT_LOC_STRINGS = NO;
				SWIFT_UPCOMING_FEATURE_MEMBER_IMPORT_VISIBILITY = YES;
				SWIFT_VERSION = 5.0;
				TARGETED_DEVICE_FAMILY = "1,2";
				TEST_HOST = "$(BUILT_PRODUCTS_DIR)/kazahana-ios.app/$(BUNDLE_EXECUTABLE_FOLDER_PATH)/kazahana-ios";
			};
			name = Release;
		};
		C0D3623E2F6A388100E5A980 /* Debug */ = {
			isa = XCBuildConfiguration;
			buildSettings = {
				CODE_SIGN_STYLE = Automatic;
				CURRENT_PROJECT_VERSION = 1;
				DEVELOPMENT_TEAM = 9L6A9KDH5P;
				GENERATE_INFOPLIST_FILE = YES;
				MARKETING_VERSION = 1.0.0;
				PRODUCT_BUNDLE_IDENTIFIER = com.osprey74.kazahana.UITests;
				PRODUCT_NAME = "$(TARGET_NAME)";
				STRING_CATALOG_GENERATE_SYMBOLS = NO;
				SWIFT_APPROACHABLE_CONCURRENCY = YES;
				SWIFT_EMIT_LOC_STRINGS = NO;
				SWIFT_UPCOMING_FEATURE_MEMBER_IMPORT_VISIBILITY = YES;
				SWIFT_VERSION = 5.0;
				TARGETED_DEVICE_FAMILY = "1,2";
				TEST_TARGET_NAME = "kazahana-ios";
			};
			name = Debug;
		};
		C0D3623F2F6A388100E5A980 /* Release */ = {
			isa = XCBuildConfiguration;
			buildSettings = {
				CODE_SIGN_STYLE = Automatic;
				CURRENT_PROJECT_VERSION = 1;
				DEVELOPMENT_TEAM = 9L6A9KDH5P;
				GENERATE_INFOPLIST_FILE = YES;
				MARKETING_VERSION = 1.0.0;
				PRODUCT_BUNDLE_IDENTIFIER = com.osprey74.kazahana.UITests;
				PRODUCT_NAME = "$(TARGET_NAME)";
				STRING_CATALOG_GENERATE_SYMBOLS = NO;
				SWIFT_APPROACHABLE_CONCURRENCY = YES;
				SWIFT_EMIT_LOC_STRINGS = NO;
				SWIFT_UPCOMING_FEATURE_MEMBER_IMPORT_VISIBILITY = YES;
				SWIFT_VERSION = 5.0;
				TARGETED_DEVICE_FAMILY = "1,2";
				TEST_TARGET_NAME = "kazahana-ios";
			};
			name = Release;
		};
/* End XCBuildConfiguration section */

/* Begin XCConfigurationList section */
		C0365D592F6E520900700B14 /* Build configuration list for PBXNativeTarget "Share​Extension" */ = {
			isa = XCConfigurationList;
			buildConfigurations = (
				C0365D5A2F6E520900700B14 /* Debug */,
				C0365D5B2F6E520900700B14 /* Release */,
			);
			defaultConfigurationIsVisible = 0;
			defaultConfigurationName = Release;
		};
		C0D3620F2F6A388000E5A980 /* Build configuration list for PBXProject "kazahana-ios" */ = {
			isa = XCConfigurationList;
			buildConfigurations = (
				C0D362352F6A388100E5A980 /* Debug */,
				C0D362362F6A388100E5A980 /* Release */,
			);
			defaultConfigurationIsVisible = 0;
			defaultConfigurationName = Release;
		};
		C0D362372F6A388100E5A980 /* Build configuration list for PBXNativeTarget "kazahana-ios" */ = {
			isa = XCConfigurationList;
			buildConfigurations = (
				C0D362382F6A388100E5A980 /* Debug */,
				C0D362392F6A388100E5A980 /* Release */,
			);
			defaultConfigurationIsVisible = 0;
			defaultConfigurationName = Release;
		};
		C0D3623A2F6A388100E5A980 /* Build configuration list for PBXNativeTarget "kazahana-iosTests" */ = {
			isa = XCConfigurationList;
			buildConfigurations = (
				C0D3623B2F6A388100E5A980 /* Debug */,
				C0D3623C2F6A388100E5A980 /* Release */,
			);
			defaultConfigurationIsVisible = 0;
			defaultConfigurationName = Release;
		};
		C0D3623D2F6A388100E5A980 /* Build configuration list for PBXNativeTarget "kazahana-iosUITests" */ = {
			isa = XCConfigurationList;
			buildConfigurations = (
				C0D3623E2F6A388100E5A980 /* Debug */,
				C0D3623F2F6A388100E5A980 /* Release */,
			);
			defaultConfigurationIsVisible = 0;
			defaultConfigurationName = Release;
		};
/* End XCConfigurationList section */
	};
	rootObject = C0D3620C2F6A388000E5A980 /* Project object */;
}
